<?xml version="1.0" encoding="utf-8"?>
<Project ToolsVersion="4.0" xmlns="http://schemas.microsoft.com/developer/msbuild/2003">
  <ItemGroup>
    <Filter Include="Source Files">
      <UniqueIdentifier>{4FC737F1-C7A5-4376-A066-2A32D752A2FF}</UniqueIdentifier>
      <Extensions>cpp;c;cc;cxx;def;odl;idl;hpj;bat;asm;asmx</Extensions>
    </Filter>
    <Filter Include="Header Files">
      <UniqueIdentifier>{93995380-89BD-4b04-88EB-625FBE52EBFB}</UniqueIdentifier>
      <Extensions>h;hh;hpp;hxx;hm;inl;inc;xsd</Extensions>
    </Filter>
    <Filter Include="Resource Files">
      <UniqueIdentifier>{67DA6AB6-F800-4c08-8B7A-83BB121AAD01}</UniqueIdentifier>
      <Extensions>rc;ico;cur;bmp;dlg;rc2;rct;bin;rgs;gif;jpg;jpeg;jpe;resx;tiff;tif;png;wav;mfcribbon-ms</Extensions>
    </Filter>
  </ItemGroup>
  <ItemGroup>
    <Text Include="ReadMe.txt" />
  </ItemGroup>
  <ItemGroup>
    <ClCompile Include="VideoFileClass.cpp">
      <Filter>Source Files</Filter>
    </ClCompile>
    <ClCompile Include="MP4FileClass.cpp">
      <Filter>Source Files</Filter>
    </ClCompile>
    <ClCompile Include="vpUtil.cpp">
      <Filter>Source Files</Filter>
    </ClCompile>
    <ClCompile Include="MP4Box.cpp">
      <Filter>Source Files</Filter>
    </ClCompile>
    <ClCompile Include="MP4FileClass_IO.cpp">
      <Filter>Source Files</Filter>
    </ClCompile>
    <ClCompile Include="Box_ac3.cpp">
      <Filter>Source Files</Filter>
    </ClCompile>
    <ClCompile Include="Box_avc1.cpp">
      <Filter>Source Files</Filter>
    </ClCompile>
    <ClCompile Include="Box_avcC.cpp">
      <Filter>Source Files</Filter>
    </ClCompile>
    <ClCompile Include="Box_free.cpp">
      <Filter>Source Files</Filter>
    </ClCompile>
    <ClCompile Include="Box_ftyp.cpp">
      <Filter>Source Files</Filter>
    </ClCompile>
    <ClCompile Include="Box_hdlr.cpp">
      <Filter>Source Files</Filter>
    </ClCompile>
    <ClCompile Include="Box_hinf.cpp">
      <Filter>Source Files</Filter>
    </ClCompile>
    <ClCompile Include="Box_mdat.cpp">
      <Filter>Source Files</Filter>
    </ClCompile>
    <ClCompile Include="Box_mdhd.cpp">
      <Filter>Source Files</Filter>
    </ClCompile>
    <ClCompile Include="Box_mvhd.cpp">
      <Filter>Source Files</Filter>
    </ClCompile>
    <ClCompile Include="Box_root.cpp">
      <Filter>Source Files</Filter>
    </ClCompile>
    <ClCompile Include="Box_stbl.cpp">
      <Filter>Source Files</Filter>
    </ClCompile>
    <ClCompile Include="Box_stdp.cpp">
      <Filter>Source Files</Filter>
    </ClCompile>
    <ClCompile Include="Box_stsc.cpp">
      <Filter>Source Files</Filter>
    </ClCompile>
    <ClCompile Include="Box_stsd.cpp">
      <Filter>Source Files</Filter>
    </ClCompile>
    <ClCompile Include="Box_stsz.cpp">
      <Filter>Source Files</Filter>
    </ClCompile>
    <ClCompile Include="Box_stz2.cpp">
      <Filter>Source Files</Filter>
    </ClCompile>
    <ClCompile Include="Box_tfhd.cpp">
      <Filter>Source Files</Filter>
    </ClCompile>
    <ClCompile Include="Box_tkhd.cpp">
      <Filter>Source Files</Filter>
    </ClCompile>
    <ClCompile Include="Box_url.cpp">
      <Filter>Source Files</Filter>
    </ClCompile>
    <ClCompile Include="Box_uuid.cpp">
      <Filter>Source Files</Filter>
    </ClCompile>
    <ClCompile Include="Box_vmhd.cpp">
      <Filter>Source Files</Filter>
    </ClCompile>
    <ClCompile Include="Box_dref.cpp">
      <Filter>Source Files</Filter>
    </ClCompile>
    <ClCompile Include="Box_urn.cpp">
      <Filter>Source Files</Filter>
    </ClCompile>
    <ClCompile Include="Box_standard.cpp">
      <Filter>Source Files</Filter>
    </ClCompile>
  </ItemGroup>
  <ItemGroup>
    <ClInclude Include="MP4Box.h">
      <Filter>Header Files</Filter>
    </ClInclude>
    <ClInclude Include="VideoFileClass.h">
      <Filter>Header Files</Filter>
    </ClInclude>
    <ClInclude Include="vpUtil.h">
      <Filter>Header Files</Filter>
    </ClInclude>
    <ClInclude Include="AllMP4Box.h">
      <Filter>Header Files</Filter>
    </ClInclude>
    <ClInclude Include="MP4FileClass.h">
      <Filter>Header Files</Filter>
    </ClInclude>
  </ItemGroup>
</Project>